// !$*UTF8*$!
{
	archiveVersion = 1;
	classes = {
	};
	objectVersion = 77;
	objects = {

/* Begin PBXBuildFile section */
		85B923C82ECE602E00790807 /* LinguaEarWatch Watch App.app in Embed Watch Content */ = {isa = PBXBuildFile; fileRef = 85B923A82ECE602D00790807 /* LinguaEarWatch Watch App.app */; settings = {ATTRIBUTES = (RemoveHeadersOnCopy, ); }; };
/* End PBXBuildFile section */

/* Begin PBXContainerItemProxy section */
		851098262EC912BC003D1EF6 /* PBXContainerItemProxy */ = {
			isa = PBXContainerItemProxy;
			containerPortal = 851098102EC912BB003D1EF6 /* Project object */;
			proxyType = 1;
			remoteGlobalIDString = 851098172EC912BB003D1EF6;
			remoteInfo = LinguaEar;
		};
		851098302EC912BC003D1EF6 /* PBXContainerItemProxy */ = {
			isa = PBXContainerItemProxy;
			containerPortal = 851098102EC912BB003D1EF6 /* Project object */;
			proxyType = 1;
			remoteGlobalIDString = 851098172EC912BB003D1EF6;
			remoteInfo = LinguaEar;
		};
		85B923B52ECE602E00790807 /* PBXContainerItemProxy */ = {
			isa = PBXContainerItemProxy;
			containerPortal = 851098102EC912BB003D1EF6 /* Project object */;
			proxyType = 1;
			remoteGlobalIDString = 85B923A72ECE602D00790807;
			remoteInfo = "LinguaEarWatch Watch App";
		};
		85B923BF2ECE602E00790807 /* PBXContainerItemProxy */ = {
			isa = PBXContainerItemProxy;
			containerPortal = 851098102EC912BB003D1EF6 /* Project object */;
			proxyType = 1;
			remoteGlobalIDString = 85B923A72ECE602D00790807;
			remoteInfo = "LinguaEarWatch Watch App";
		};
		85B923C62ECE602E00790807 /* PBXContainerItemProxy */ = {
			isa = PBXContainerItemProxy;
			containerPortal = 851098102EC912BB003D1EF6 /* Project object */;
			proxyType = 1;
			remoteGlobalIDString = 85B923A72ECE602D00790807;
			remoteInfo = "LinguaEarWatch Watch App";
		};
/* End PBXContainerItemProxy section */

/* Begin PBXCopyFilesBuildPhase section */
		85B923C92ECE602E00790807 /* Embed Watch Content */ = {
			isa = PBXCopyFilesBuildPhase;
			buildActionMask = 2147483647;
			dstPath = "$(CONTENTS_FOLDER_PATH)/Watch";
			dstSubfolderSpec = 16;
			files = (
				85B923C82ECE602E00790807 /* LinguaEarWatch Watch App.app in Embed Watch Content */,
			);
			name = "Embed Watch Content";
			runOnlyForDeploymentPostprocessing = 0;
		};
/* End PBXCopyFilesBuildPhase section */

/* Begin PBXFileReference section */
		851098182EC912BB003D1EF6 /* LinguaEar.app */ = {isa = PBXFileReference; explicitFileType = wrapper.application; includeInIndex = 0; path = LinguaEar.app; sourceTree = BUILT_PRODUCTS_DIR; };
		851098252EC912BC003D1EF6 /* LinguaEarTests.xctest */ = {isa = PBXFileReference; explicitFileType = wrapper.cfbundle; includeInIndex = 0; path = LinguaEarTests.xctest; sourceTree = BUILT_PRODUCTS_DIR; };
		8510982F2EC912BC003D1EF6 /* LinguaEarUITests.xctest */ = {isa = PBXFileReference; explicitFileType = wrapper.cfbundle; includeInIndex = 0; path = LinguaEarUITests.xctest; sourceTree = BUILT_PRODUCTS_DIR; };
		85B923A82ECE602D00790807 /* LinguaEarWatch Watch App.app */ = {isa = PBXFileReference; explicitFileType = wrapper.application; includeInIndex = 0; path = "LinguaEarWatch Watch App.app"; sourceTree = BUILT_PRODUCTS_DIR; };
		85B923B42ECE602E00790807 /* LinguaEarWatch Watch AppTests.xctest */ = {isa = PBXFileReference; explicitFileType = wrapper.cfbundle; includeInIndex = 0; path = "LinguaEarWatch Watch AppTests.xctest"; sourceTree = BUILT_PRODUCTS_DIR; };
		85B923BE2ECE602E00790807 /* LinguaEarWatch Watch AppUITests.xctest */ = {isa = PBXFileReference; explicitFileType = wrapper.cfbundle; includeInIndex = 0; path = "LinguaEarWatch Watch AppUITests.xctest"; sourceTree = BUILT_PRODUCTS_DIR; };
/* End PBXFileReference section */

/* Begin PBXFileSystemSynchronizedBuildFileExceptionSet section */
		85E612442ECEB7A70058229F /* Exceptions for "LinguaEar" folder in "LinguaEar" target */ = {
			isa = PBXFileSystemSynchronizedBuildFileExceptionSet;
			membershipExceptions = (
				" ConversationLanguage.swift",
				" ExperimentalSpeechRecognizer.swift",
				Assets.xcassets,
				ContentView.swift,
				DailyLimitManager.swift,
				LinguaEarApp.swift,
				Secrets.swift,
				SpeechRecognizer.swift,
				TextToSpeechManager.swift,
				TranslatorService.swift,
				WelcomeView.swift,
			);
			target = 851098172EC912BB003D1EF6 /* LinguaEar */;
		};
		85E612452ECEB7A70058229F /* Exceptions for "LinguaEar" folder in "LinguaEarWatch Watch App" target */ = {
			isa = PBXFileSystemSynchronizedBuildFileExceptionSet;
			membershipExceptions = (
				" ConversationLanguage.swift",
				Secrets.swift,
				TextToSpeechManager.swift,
				TranslatorService.swift,
			);
			target = 85B923A72ECE602D00790807 /* LinguaEarWatch Watch App */;
		};
		85E612462ECEB7A70058229F /* Exceptions for "LinguaEar" folder in "LinguaEarWatch Watch AppUITests" target */ = {
			isa = PBXFileSystemSynchronizedBuildFileExceptionSet;
			membershipExceptions = (
				" ConversationLanguage.swift",
				" ExperimentalSpeechRecognizer.swift",
				Assets.xcassets,
				ContentView.swift,
				DailyLimitManager.swift,
				LinguaEarApp.swift,
				Secrets.swift,
				SpeechRecognizer.swift,
				TextToSpeechManager.swift,
				TranslatorService.swift,
				WelcomeView.swift,
			);
			target = 85B923BD2ECE602E00790807 /* LinguaEarWatch Watch AppUITests */;
		};
/* End PBXFileSystemSynchronizedBuildFileExceptionSet section */

/* Begin PBXFileSystemSynchronizedRootGroup section */
		851098282EC912BC003D1EF6 /* LinguaEarTests */ = {
			isa = PBXFileSystemSynchronizedRootGroup;
			path = LinguaEarTests;
			sourceTree = "<group>";
		};
		851098322EC912BC003D1EF6 /* LinguaEarUITests */ = {
			isa = PBXFileSystemSynchronizedRootGroup;
			path = LinguaEarUITests;
			sourceTree = "<group>";
		};
		85B923A92ECE602D00790807 /* LinguaEarWatch Watch App */ = {
			isa = PBXFileSystemSynchronizedRootGroup;
			path = "LinguaEarWatch Watch App";
			sourceTree = "<group>";
		};
		85B923B72ECE602E00790807 /* LinguaEarWatch Watch AppTests */ = {
			isa = PBXFileSystemSynchronizedRootGroup;
			path = "LinguaEarWatch Watch AppTests";
			sourceTree = "<group>";
		};
		85B923C12ECE602E00790807 /* LinguaEarWatch Watch AppUITests */ = {
			isa = PBXFileSystemSynchronizedRootGroup;
			path = "LinguaEarWatch Watch AppUITests";
			sourceTree = "<group>";
		};
		85E612372ECEB7A70058229F /* LinguaEar */ = {
			isa = PBXFileSystemSynchronizedRootGroup;
			exceptions = (
				85E612442ECEB7A70058229F /* Exceptions for "LinguaEar" folder in "LinguaEar" target */,
				85E612452ECEB7A70058229F /* Exceptions for "LinguaEar" folder in "LinguaEarWatch Watch App" target */,
				85E612462ECEB7A70058229F /* Exceptions for "LinguaEar" folder in "LinguaEarWatch Watch AppUITests" target */,
			);
			path = LinguaEar;
			sourceTree = "<group>";
		};
		85ED290F2ED3A92600525A56 /* LinguaEarWatchV2 */ = {
			isa = PBXFileSystemSynchronizedRootGroup;
			path = LinguaEarWatchV2;
			sourceTree = "<group>";
		};
/* End PBXFileSystemSynchronizedRootGroup section */

/* Begin PBXFrameworksBuildPhase section */
		851098152EC912BB003D1EF6 /* Frameworks */ = {
			isa = PBXFrameworksBuildPhase;
			buildActionMask = 2147483647;
			files = (
			);
			runOnlyForDeploymentPostprocessing = 0;
		};
		851098222EC912BC003D1EF6 /* Frameworks */ = {
			isa = PBXFrameworksBuildPhase;
			buildActionMask = 2147483647;
			files = (
			);
			runOnlyForDeploymentPostprocessing = 0;
		};
		8510982C2EC912BC003D1EF6 /* Frameworks */ = {
			isa = PBXFrameworksBuildPhase;
			buildActionMask = 2147483647;
			files = (
			);
			runOnlyForDeploymentPostprocessing = 0;
		};
		85B923A52ECE602D00790807 /* Frameworks */ = {
			isa = PBXFrameworksBuildPhase;
			buildActionMask = 2147483647;
			files = (
			);
			runOnlyForDeploymentPostprocessing = 0;
		};
		85B923B12ECE602E00790807 /* Frameworks */ = {
			isa = PBXFrameworksBuildPhase;
			buildActionMask = 2147483647;
			files = (
			);
			runOnlyForDeploymentPostprocessing = 0;
		};
		85B923BB2ECE602E00790807 /* Frameworks */ = {
			isa = PBXFrameworksBuildPhase;
			buildActionMask = 2147483647;
			files = (
			);
			runOnlyForDeploymentPostprocessing = 0;
		};
/* End PBXFrameworksBuildPhase section */

/* Begin PBXGroup section */
		8510980F2EC912BB003D1EF6 = {
			isa = PBXGroup;
			children = (
				85ED290F2ED3A92600525A56 /* LinguaEarWatchV2 */,
				85B923A92ECE602D00790807 /* LinguaEarWatch Watch App */,
				85E612372ECEB7A70058229F /* LinguaEar */,
				851098282EC912BC003D1EF6 /* LinguaEarTests */,
				851098322EC912BC003D1EF6 /* LinguaEarUITests */,
				85B923B72ECE602E00790807 /* LinguaEarWatch Watch AppTests */,
				85B923C12ECE602E00790807 /* LinguaEarWatch Watch AppUITests */,
				851098192EC912BB003D1EF6 /* Products */,
			);
			sourceTree = "<group>";
		};
		851098192EC912BB003D1EF6 /* Products */ = {
			isa = PBXGroup;
			children = (
				851098182EC912BB003D1EF6 /* LinguaEar.app */,
				851098252EC912BC003D1EF6 /* LinguaEarTests.xctest */,
				8510982F2EC912BC003D1EF6 /* LinguaEarUITests.xctest */,
				85B923A82ECE602D00790807 /* LinguaEarWatch Watch App.app */,
				85B923B42ECE602E00790807 /* LinguaEarWatch Watch AppTests.xctest */,
				85B923BE2ECE602E00790807 /* LinguaEarWatch Watch AppUITests.xctest */,
			);
			name = Products;
			sourceTree = "<group>";
		};
/* End PBXGroup section */

/* Begin PBXNativeTarget section */
		851098172EC912BB003D1EF6 /* LinguaEar */ = {
			isa = PBXNativeTarget;
			buildConfigurationList = 851098392EC912BC003D1EF6 /* Build configuration list for PBXNativeTarget "LinguaEar" */;
			buildPhases = (
				851098142EC912BB003D1EF6 /* Sources */,
				851098152EC912BB003D1EF6 /* Frameworks */,
				851098162EC912BB003D1EF6 /* Resources */,
				85B923C92ECE602E00790807 /* Embed Watch Content */,
			);
			buildRules = (
			);
			dependencies = (
				85B923C72ECE602E00790807 /* PBXTargetDependency */,
			);
			name = LinguaEar;
			packageProductDependencies = (
			);
			productName = LinguaEar;
			productReference = 851098182EC912BB003D1EF6 /* LinguaEar.app */;
			productType = "com.apple.product-type.application";
		};
		851098242EC912BC003D1EF6 /* LinguaEarTests */ = {
			isa = PBXNativeTarget;
			buildConfigurationList = 8510983C2EC912BC003D1EF6 /* Build configuration list for PBXNativeTarget "LinguaEarTests" */;
			buildPhases = (
				851098212EC912BC003D1EF6 /* Sources */,
				851098222EC912BC003D1EF6 /* Frameworks */,
				851098232EC912BC003D1EF6 /* Resources */,
			);
			buildRules = (
			);
			dependencies = (
				851098272EC912BC003D1EF6 /* PBXTargetDependency */,
			);
			fileSystemSynchronizedGroups = (
				851098282EC912BC003D1EF6 /* LinguaEarTests */,
			);
			name = LinguaEarTests;
			packageProductDependencies = (
			);
			productName = LinguaEarTests;
			productReference = 851098252EC912BC003D1EF6 /* LinguaEarTests.xctest */;
			productType = "com.apple.product-type.bundle.unit-test";
		};
		8510982E2EC912BC003D1EF6 /* LinguaEarUITests */ = {
			isa = PBXNativeTarget;
			buildConfigurationList = 8510983F2EC912BC003D1EF6 /* Build configuration list for PBXNativeTarget "LinguaEarUITests" */;
			buildPhases = (
				8510982B2EC912BC003D1EF6 /* Sources */,
				8510982C2EC912BC003D1EF6 /* Frameworks */,
				8510982D2EC912BC003D1EF6 /* Resources */,
			);
			buildRules = (
			);
			dependencies = (
				851098312EC912BC003D1EF6 /* PBXTargetDependency */,
			);
			fileSystemSynchronizedGroups = (
				851098322EC912BC003D1EF6 /* LinguaEarUITests */,
			);
			name = LinguaEarUITests;
			packageProductDependencies = (
			);
			productName = LinguaEarUITests;
			productReference = 8510982F2EC912BC003D1EF6 /* LinguaEarUITests.xctest */;
			productType = "com.apple.product-type.bundle.ui-testing";
		};
		85B923A72ECE602D00790807 /* LinguaEarWatch Watch App */ = {
			isa = PBXNativeTarget;
			buildConfigurationList = 85B923D02ECE602E00790807 /* Build configuration list for PBXNativeTarget "LinguaEarWatch Watch App" */;
			buildPhases = (
				85B923A42ECE602D00790807 /* Sources */,
				85B923A52ECE602D00790807 /* Frameworks */,
				85B923A62ECE602D00790807 /* Resources */,
			);
			buildRules = (
			);
			dependencies = (
			);
			fileSystemSynchronizedGroups = (
				85B923A92ECE602D00790807 /* LinguaEarWatch Watch App */,
				85ED290F2ED3A92600525A56 /* LinguaEarWatchV2 */,
			);
			name = "LinguaEarWatch Watch App";
			packageProductDependencies = (
			);
			productName = "LinguaEarWatch Watch App";
			productReference = 85B923A82ECE602D00790807 /* LinguaEarWatch Watch App.app */;
			productType = "com.apple.product-type.application";
		};
		85B923B32ECE602E00790807 /* LinguaEarWatch Watch AppTests */ = {
			isa = PBXNativeTarget;
			buildConfigurationList = 85B923D12ECE602E00790807 /* Build configuration list for PBXNativeTarget "LinguaEarWatch Watch AppTests" */;
			buildPhases = (
				85B923B02ECE602E00790807 /* Sources */,
				85B923B12ECE602E00790807 /* Frameworks */,
				85B923B22ECE602E00790807 /* Resources */,
			);
			buildRules = (
			);
			dependencies = (
				85B923B62ECE602E00790807 /* PBXTargetDependency */,
			);
			fileSystemSynchronizedGroups = (
				85B923B72ECE602E00790807 /* LinguaEarWatch Watch AppTests */,
			);
			name = "LinguaEarWatch Watch AppTests";
			packageProductDependencies = (
			);
			productName = "LinguaEarWatch Watch AppTests";
			productReference = 85B923B42ECE602E00790807 /* LinguaEarWatch Watch AppTests.xctest */;
			productType = "com.apple.product-type.bundle.unit-test";
		};
		85B923BD2ECE602E00790807 /* LinguaEarWatch Watch AppUITests */ = {
			isa = PBXNativeTarget;
			buildConfigurationList = 85B923D22ECE602E00790807 /* Build configuration list for PBXNativeTarget "LinguaEarWatch Watch AppUITests" */;
			buildPhases = (
				85B923BA2ECE602E00790807 /* Sources */,
				85B923BB2ECE602E00790807 /* Frameworks */,
				85B923BC2ECE602E00790807 /* Resources */,
			);
			buildRules = (
			);
			dependencies = (
				85B923C02ECE602E00790807 /* PBXTargetDependency */,
			);
			fileSystemSynchronizedGroups = (
				85B923C12ECE602E00790807 /* LinguaEarWatch Watch AppUITests */,
				85E612372ECEB7A70058229F /* LinguaEar */,
			);
			name = "LinguaEarWatch Watch AppUITests";
			packageProductDependencies = (
			);
			productName = "LinguaEarWatch Watch AppUITests";
			productReference = 85B923BE2ECE602E00790807 /* LinguaEarWatch Watch AppUITests.xctest */;
			productType = "com.apple.product-type.bundle.ui-testing";
		};
/* End PBXNativeTarget section */

/* Begin PBXProject section */
		851098102EC912BB003D1EF6 /* Project object */ = {
			isa = PBXProject;
			attributes = {
				BuildIndependentTargetsInParallel = 1;
				LastSwiftUpdateCheck = 1640;
				LastUpgradeCheck = 2610;
				TargetAttributes = {
					851098172EC912BB003D1EF6 = {
						CreatedOnToolsVersion = 16.4;
					};
					851098242EC912BC003D1EF6 = {
						CreatedOnToolsVersion = 16.4;
						TestTargetID = 851098172EC912BB003D1EF6;
					};
					8510982E2EC912BC003D1EF6 = {
						CreatedOnToolsVersion = 16.4;
						TestTargetID = 851098172EC912BB003D1EF6;
					};
					85B923A72ECE602D00790807 = {
						CreatedOnToolsVersion = 16.4;
					};
					85B923B32ECE602E00790807 = {
						CreatedOnToolsVersion = 16.4;
						TestTargetID = 85B923A72ECE602D00790807;
					};
					85B923BD2ECE602E00790807 = {
						CreatedOnToolsVersion = 16.4;
						TestTargetID = 85B923A72ECE602D00790807;
					};
				};
			};
			buildConfigurationList = 851098132EC912BB003D1EF6 /* Build configuration list for PBXProject "LinguaEar" */;
			developmentRegion = en;
			hasScannedForEncodings = 0;
			knownRegions = (
				en,
				Base,
			);
			mainGroup = 8510980F2EC912BB003D1EF6;
			minimizedProjectReferenceProxies = 1;
			preferredProjectObjectVersion = 77;
			productRefGroup = 851098192EC912BB003D1EF6 /* Products */;
			projectDirPath = "";
			projectRoot = "";
			targets = (
				851098172EC912BB003D1EF6 /* LinguaEar */,
				851098242EC912BC003D1EF6 /* LinguaEarTests */,
				8510982E2EC912BC003D1EF6 /* LinguaEarUITests */,
				85B923A72ECE602D00790807 /* LinguaEarWatch Watch App */,
				85B923B32ECE602E00790807 /* LinguaEarWatch Watch AppTests */,
				85B923BD2ECE602E00790807 /* LinguaEarWatch Watch AppUITests */,
			);
		};
/* End PBXProject section */

/* Begin PBXResourcesBuildPhase section */
		851098162EC912BB003D1EF6 /* Resources */ = {
			isa = PBXResourcesBuildPhase;
			buildActionMask = 2147483647;
			files = (
			);
			runOnlyForDeploymentPostprocessing = 0;
		};
		851098232EC912BC003D1EF6 /* Resources */ = {
			isa = PBXResourcesBuildPhase;
			buildActionMask = 2147483647;
			files = (
			);
			runOnlyForDeploymentPostprocessing = 0;
		};
		8510982D2EC912BC003D1EF6 /* Resources */ = {
			isa = PBXResourcesBuildPhase;
			buildActionMask = 2147483647;
			files = (
			);
			runOnlyForDeploymentPostprocessing = 0;
		};
		85B923A62ECE602D00790807 /* Resources */ = {
			isa = PBXResourcesBuildPhase;
			buildActionMask = 2147483647;
			files = (
			);
			runOnlyForDeploymentPostprocessing = 0;
		};
		85B923B22ECE602E00790807 /* Resources */ = {
			isa = PBXResourcesBuildPhase;
			buildActionMask = 2147483647;
			files = (
			);
			runOnlyForDeploymentPostprocessing = 0;
		};
		85B923BC2ECE602E00790807 /* Resources */ = {
			isa = PBXResourcesBuildPhase;
			buildActionMask = 2147483647;
			files = (
			);
			runOnlyForDeploymentPostprocessing = 0;
		};
/* End PBXResourcesBuildPhase section */

/* Begin PBXSourcesBuildPhase section */
		851098142EC912BB003D1EF6 /* Sources */ = {
			isa = PBXSourcesBuildPhase;
			buildActionMask = 2147483647;
			files = (
			);
			runOnlyForDeploymentPostprocessing = 0;
		};
		851098212EC912BC003D1EF6 /* Sources */ = {
			isa = PBXSourcesBuildPhase;
			buildActionMask = 2147483647;
			files = (
			);
			runOnlyForDeploymentPostprocessing = 0;
		};
		8510982B2EC912BC003D1EF6 /* Sources */ = {
			isa = PBXSourcesBuildPhase;
			buildActionMask = 2147483647;
			files = (
			);
			runOnlyForDeploymentPostprocessing = 0;
		};
		85B923A42ECE602D00790807 /* Sources */ = {
			isa = PBXSourcesBuildPhase;
			buildActionMask = 2147483647;
			files = (
			);
			runOnlyForDeploymentPostprocessing = 0;
		};
		85B923B02ECE602E00790807 /* Sources */ = {
			isa = PBXSourcesBuildPhase;
			buildActionMask = 2147483647;
			files = (
			);
			runOnlyForDeploymentPostprocessing = 0;
		};
		85B923BA2ECE602E00790807 /* Sources */ = {
			isa = PBXSourcesBuildPhase;
			buildActionMask = 2147483647;
			files = (
			);
			runOnlyForDeploymentPostprocessing = 0;
		};
/* End PBXSourcesBuildPhase section */

/* Begin PBXTargetDependency section */
		851098272EC912BC003D1EF6 /* PBXTargetDependency */ = {
			isa = PBXTargetDependency;
			target = 851098172EC912BB003D1EF6 /* LinguaEar */;
			targetProxy = 851098262EC912BC003D1EF6 /* PBXContainerItemProxy */;
		};
		851098312EC912BC003D1EF6 /* PBXTargetDependency */ = {
			isa = PBXTargetDependency;
			target = 851098172EC912BB003D1EF6 /* LinguaEar */;
			targetProxy = 851098302EC912BC003D1EF6 /* PBXContainerItemProxy */;
		};
		85B923B62ECE602E00790807 /* PBXTargetDependency */ = {
			isa = PBXTargetDependency;
			target = 85B923A72ECE602D00790807 /* LinguaEarWatch Watch App */;
			targetProxy = 85B923B52ECE602E00790807 /* PBXContainerItemProxy */;
		};
		85B923C02ECE602E00790807 /* PBXTargetDependency */ = {
			isa = PBXTargetDependency;
			target = 85B923A72ECE602D00790807 /* LinguaEarWatch Watch App */;
			targetProxy = 85B923BF2ECE602E00790807 /* PBXContainerItemProxy */;
		};
		85B923C72ECE602E00790807 /* PBXTargetDependency */ = {
			isa = PBXTargetDependency;
			target = 85B923A72ECE602D00790807 /* LinguaEarWatch Watch App */;
			targetProxy = 85B923C62ECE602E00790807 /* PBXContainerItemProxy */;
		};
/* End PBXTargetDependency section */

/* Begin XCBuildConfiguration section */
		851098372EC912BC003D1EF6 /* Debug */ = {
			isa = XCBuildConfiguration;
			buildSettings = {
				ALWAYS_SEARCH_USER_PATHS = NO;
				ASSETCATALOG_COMPILER_GENERATE_SWIFT_ASSET_SYMBOL_EXTENSIONS = YES;
				CLANG_ANALYZER_NONNULL = YES;
				CLANG_ANALYZER_NUMBER_OBJECT_CONVERSION = YES_AGGRESSIVE;
				CLANG_CXX_LANGUAGE_STANDARD = "gnu++20";
				CLANG_ENABLE_MODULES = YES;
				CLANG_ENABLE_OBJC_ARC = YES;
				CLANG_ENABLE_OBJC_WEAK = YES;
				CLANG_WARN_BLOCK_CAPTURE_AUTORELEASING = YES;
				CLANG_WARN_BOOL_CONVERSION = YES;
				CLANG_WARN_COMMA = YES;
				CLANG_WARN_CONSTANT_CONVERSION = YES;
				CLANG_WARN_DEPRECATED_OBJC_IMPLEMENTATIONS = YES;
				CLANG_WARN_DIRECT_OBJC_ISA_USAGE = YES_ERROR;
				CLANG_WARN_DOCUMENTATION_COMMENTS = YES;
				CLANG_WARN_EMPTY_BODY = YES;
				CLANG_WARN_ENUM_CONVERSION = YES;
				CLANG_WARN_INFINITE_RECURSION = YES;
				CLANG_WARN_INT_CONVERSION = YES;
				CLANG_WARN_NON_LITERAL_NULL_CONVERSION = YES;
				CLANG_WARN_OBJC_IMPLICIT_RETAIN_SELF = YES;
				CLANG_WARN_OBJC_LITERAL_CONVERSION = YES;
				CLANG_WARN_OBJC_ROOT_CLASS = YES_ERROR;
				CLANG_WARN_QUOTED_INCLUDE_IN_FRAMEWORK_HEADER = YES;
				CLANG_WARN_RANGE_LOOP_ANALYSIS = YES;
				CLANG_WARN_STRICT_PROTOTYPES = YES;
				CLANG_WARN_SUSPICIOUS_MOVE = YES;
				CLANG_WARN_UNGUARDED_AVAILABILITY = YES_AGGRESSIVE;
				CLANG_WARN_UNREACHABLE_CODE = YES;
				CLANG_WARN__DUPLICATE_METHOD_MATCH = YES;
				COPY_PHASE_STRIP = NO;
				DEBUG_INFORMATION_FORMAT = dwarf;
				DEVELOPMENT_TEAM = 4ZQHKGZZ5H;
				ENABLE_STRICT_OBJC_MSGSEND = YES;
				ENABLE_TESTABILITY = YES;
				ENABLE_USER_SCRIPT_SANDBOXING = YES;
				GCC_C_LANGUAGE_STANDARD = gnu17;
				GCC_DYNAMIC_NO_PIC = NO;
				GCC_NO_COMMON_BLOCKS = YES;
				GCC_OPTIMIZATION_LEVEL = 0;
				GCC_PREPROCESSOR_DEFINITIONS = (
					"DEBUG=1",
					"$(inherited)",
				);
				GCC_WARN_64_TO_32_BIT_CONVERSION = YES;
				GCC_WARN_ABOUT_RETURN_TYPE = YES_ERROR;
				GCC_WARN_UNDECLARED_SELECTOR = YES;
				GCC_WARN_UNINITIALIZED_AUTOS = YES_AGGRESSIVE;
				GCC_WARN_UNUSED_FUNCTION = YES;
				GCC_WARN_UNUSED_VARIABLE = YES;
				IPHONEOS_DEPLOYMENT_TARGET = 18.5;
				LOCALIZATION_PREFERS_STRING_CATALOGS = YES;
				MTL_ENABLE_DEBUG_INFO = INCLUDE_SOURCE;
				MTL_FAST_MATH = YES;
				ONLY_ACTIVE_ARCH = YES;
				SDKROOT = iphoneos;
				STRING_CATALOG_GENERATE_SYMBOLS = YES;
				SWIFT_ACTIVE_COMPILATION_CONDITIONS = "DEBUG $(inherited)";
				SWIFT_OPTIMIZATION_LEVEL = "-Onone";
			};
			name = Debug;
		};
		851098382EC912BC003D1EF6 /* Release */ = {
			isa = XCBuildConfiguration;
			buildSettings = {
				ALWAYS_SEARCH_USER_PATHS = NO;
				ASSETCATALOG_COMPILER_GENERATE_SWIFT_ASSET_SYMBOL_EXTENSIONS = YES;
				CLANG_ANALYZER_NONNULL = YES;
				CLANG_ANALYZER_NUMBER_OBJECT_CONVERSION = YES_AGGRESSIVE;
				CLANG_CXX_LANGUAGE_STANDARD = "gnu++20";
				CLANG_ENABLE_MODULES = YES;
				CLANG_ENABLE_OBJC_ARC = YES;
				CLANG_ENABLE_OBJC_WEAK = YES;
				CLANG_WARN_BLOCK_CAPTURE_AUTORELEASING = YES;
				CLANG_WARN_BOOL_CONVERSION = YES;
				CLANG_WARN_COMMA = YES;
				CLANG_WARN_CONSTANT_CONVERSION = YES;
				CLANG_WARN_DEPRECATED_OBJC_IMPLEMENTATIONS = YES;
				CLANG_WARN_DIRECT_OBJC_ISA_USAGE = YES_ERROR;
				CLANG_WARN_DOCUMENTATION_COMMENTS = YES;
				CLANG_WARN_EMPTY_BODY = YES;
				CLANG_WARN_ENUM_CONVERSION = YES;
				CLANG_WARN_INFINITE_RECURSION = YES;
				CLANG_WARN_INT_CONVERSION = YES;
				CLANG_WARN_NON_LITERAL_NULL_CONVERSION = YES;
				CLANG_WARN_OBJC_IMPLICIT_RETAIN_SELF = YES;
				CLANG_WARN_OBJC_LITERAL_CONVERSION = YES;
				CLANG_WARN_OBJC_ROOT_CLASS = YES_ERROR;
				CLANG_WARN_QUOTED_INCLUDE_IN_FRAMEWORK_HEADER = YES;
				CLANG_WARN_RANGE_LOOP_ANALYSIS = YES;
				CLANG_WARN_STRICT_PROTOTYPES = YES;
				CLANG_WARN_SUSPICIOUS_MOVE = YES;
				CLANG_WARN_UNGUARDED_AVAILABILITY = YES_AGGRESSIVE;
				CLANG_WARN_UNREACHABLE_CODE = YES;
				CLANG_WARN__DUPLICATE_METHOD_MATCH = YES;
				COPY_PHASE_STRIP = NO;
				DEBUG_INFORMATION_FORMAT = "dwarf-with-dsym";
				DEVELOPMENT_TEAM = 4ZQHKGZZ5H;
				ENABLE_NS_ASSERTIONS = NO;
				ENABLE_STRICT_OBJC_MSGSEND = YES;
				ENABLE_USER_SCRIPT_SANDBOXING = YES;
				GCC_C_LANGUAGE_STANDARD = gnu17;
				GCC_NO_COMMON_BLOCKS = YES;
				GCC_WARN_64_TO_32_BIT_CONVERSION = YES;
				GCC_WARN_ABOUT_RETURN_TYPE = YES_ERROR;
				GCC_WARN_UNDECLARED_SELECTOR = YES;
				GCC_WARN_UNINITIALIZED_AUTOS = YES_AGGRESSIVE;
				GCC_WARN_UNUSED_FUNCTION = YES;
				GCC_WARN_UNUSED_VARIABLE = YES;
				IPHONEOS_DEPLOYMENT_TARGET = 18.5;
				LOCALIZATION_PREFERS_STRING_CATALOGS = YES;
				MTL_ENABLE_DEBUG_INFO = NO;
				MTL_FAST_MATH = YES;
				SDKROOT = iphoneos;
				STRING_CATALOG_GENERATE_SYMBOLS = YES;
				SWIFT_COMPILATION_MODE = wholemodule;
				VALIDATE_PRODUCT = YES;
			};
			name = Release;
		};
		8510983A2EC912BC003D1EF6 /* Debug */ = {
			isa = XCBuildConfiguration;
			buildSettings = {
				ASSETCATALOG_COMPILER_APPICON_NAME = AppIcon;
				ASSETCATALOG_COMPILER_GLOBAL_ACCENT_COLOR_NAME = AccentColor;
				CODE_SIGN_STYLE = Automatic;
				CURRENT_PROJECT_VERSION = 1;
				DEVELOPMENT_TEAM = 4ZQHKGZZ5H;
				ENABLE_PREVIEWS = YES;
				GENERATE_INFOPLIST_FILE = YES;
				INFOPLIST_KEY_NSMicrophoneUsageDescription = "LinguaEar needs access to the microphone to listen for speech.";
				INFOPLIST_KEY_NSSpeechRecognitionUsageDescription = "LinguaEar uses speech recognition to understand what is being said.";
				INFOPLIST_KEY_UIApplicationSceneManifest_Generation = YES;
				INFOPLIST_KEY_UIApplicationSupportsIndirectInputEvents = YES;
				INFOPLIST_KEY_UILaunchScreen_Generation = YES;
				INFOPLIST_KEY_UISupportedInterfaceOrientations_iPad = "UIInterfaceOrientationPortrait UIInterfaceOrientationPortraitUpsideDown UIInterfaceOrientationLandscapeLeft UIInterfaceOrientationLandscapeRight";
				INFOPLIST_KEY_UISupportedInterfaceOrientations_iPhone = "UIInterfaceOrientationPortrait UIInterfaceOrientationLandscapeLeft UIInterfaceOrientationLandscapeRight";
				LD_RUNPATH_SEARCH_PATHS = (
					"$(inherited)",
					"@executable_path/Frameworks",
				);
				MARKETING_VERSION = 1.0;
				PRODUCT_BUNDLE_IDENTIFIER = com.sjpbailey.LinguaEar;
				PRODUCT_NAME = "$(TARGET_NAME)";
				SWIFT_EMIT_LOC_STRINGS = YES;
				SWIFT_VERSION = 5.0;
				TARGETED_DEVICE_FAMILY = "1,2";
			};
			name = Debug;
		};
		8510983B2EC912BC003D1EF6 /* Release */ = {
			isa = XCBuildConfiguration;
			buildSettings = {
				ASSETCATALOG_COMPILER_APPICON_NAME = AppIcon;
				ASSETCATALOG_COMPILER_GLOBAL_ACCENT_COLOR_NAME = AccentColor;
				CODE_SIGN_STYLE = Automatic;
				CURRENT_PROJECT_VERSION = 1;
				DEVELOPMENT_TEAM = 4ZQHKGZZ5H;
				ENABLE_PREVIEWS = YES;
				GENERATE_INFOPLIST_FILE = YES;
				INFOPLIST_KEY_NSMicrophoneUsageDescription = "LinguaEar needs access to the microphone to listen for speech.";
				INFOPLIST_KEY_NSSpeechRecognitionUsageDescription = "LinguaEar uses speech recognition to understand what is being said.";
				INFOPLIST_KEY_UIApplicationSceneManifest_Generation = YES;
				INFOPLIST_KEY_UIApplicationSupportsIndirectInputEvents = YES;
				INFOPLIST_KEY_UILaunchScreen_Generation = YES;
				INFOPLIST_KEY_UISupportedInterfaceOrientations_iPad = "UIInterfaceOrientationPortrait UIInterfaceOrientationPortraitUpsideDown UIInterfaceOrientationLandscapeLeft UIInterfaceOrientationLandscapeRight";
				INFOPLIST_KEY_UISupportedInterfaceOrientations_iPhone = "UIInterfaceOrientationPortrait UIInterfaceOrientationLandscapeLeft UIInterfaceOrientationLandscapeRight";
				LD_RUNPATH_SEARCH_PATHS = (
					"$(inherited)",
					"@executable_path/Frameworks",
				);
				MARKETING_VERSION = 1.0;
				PRODUCT_BUNDLE_IDENTIFIER = com.sjpbailey.LinguaEar;
				PRODUCT_NAME = "$(TARGET_NAME)";
				SWIFT_EMIT_LOC_STRINGS = YES;
				SWIFT_VERSION = 5.0;
				TARGETED_DEVICE_FAMILY = "1,2";
			};
			name = Release;
		};
		8510983D2EC912BC003D1EF6 /* Debug */ = {
			isa = XCBuildConfiguration;
			buildSettings = {
				BUNDLE_LOADER = "$(TEST_HOST)";
				CODE_SIGN_STYLE = Automatic;
				CURRENT_PROJECT_VERSION = 1;
				DEVELOPMENT_TEAM = 4ZQHKGZZ5H;
				GENERATE_INFOPLIST_FILE = YES;
				IPHONEOS_DEPLOYMENT_TARGET = 18.5;
				MARKETING_VERSION = 1.0;
				PRODUCT_BUNDLE_IDENTIFIER = com.sjpbailey.LinguaEarTests;
				PRODUCT_NAME = "$(TARGET_NAME)";
				SWIFT_EMIT_LOC_STRINGS = NO;
				SWIFT_VERSION = 5.0;
				TARGETED_DEVICE_FAMILY = "1,2";
				TEST_HOST = "$(BUILT_PRODUCTS_DIR)/LinguaEar.app/$(BUNDLE_EXECUTABLE_FOLDER_PATH)/LinguaEar";
			};
			name = Debug;
		};
		8510983E2EC912BC003D1EF6 /* Release */ = {
			isa = XCBuildConfiguration;
			buildSettings = {
				BUNDLE_LOADER = "$(TEST_HOST)";
				CODE_SIGN_STYLE = Automatic;
				CURRENT_PROJECT_VERSION = 1;
				DEVELOPMENT_TEAM = 4ZQHKGZZ5H;
				GENERATE_INFOPLIST_FILE = YES;
				IPHONEOS_DEPLOYMENT_TARGET = 18.5;
				MARKETING_VERSION = 1.0;
				PRODUCT_BUNDLE_IDENTIFIER = com.sjpbailey.LinguaEarTests;
				PRODUCT_NAME = "$(TARGET_NAME)";
				SWIFT_EMIT_LOC_STRINGS = NO;
				SWIFT_VERSION = 5.0;
				TARGETED_DEVICE_FAMILY = "1,2";
				TEST_HOST = "$(BUILT_PRODUCTS_DIR)/LinguaEar.app/$(BUNDLE_EXECUTABLE_FOLDER_PATH)/LinguaEar";
			};
			name = Release;
		};
		851098402EC912BC003D1EF6 /* Debug */ = {
			isa = XCBuildConfiguration;
			buildSettings = {
				CODE_SIGN_STYLE = Automatic;
				CURRENT_PROJECT_VERSION = 1;
				DEVELOPMENT_TEAM = 4ZQHKGZZ5H;
				GENERATE_INFOPLIST_FILE = YES;
				MARKETING_VERSION = 1.0;
				PRODUCT_BUNDLE_IDENTIFIER = com.sjpbailey.LinguaEarUITests;
				PRODUCT_NAME = "$(TARGET_NAME)";
				SUPPORTED_PLATFORMS = "iphoneos iphonesimulator watchos watchsimulator";
				SUPPORTS_MACCATALYST = YES;
				SWIFT_EMIT_LOC_STRINGS = NO;
				SWIFT_VERSION = 5.0;
				TARGETED_DEVICE_FAMILY = "1,2,4";
				TEST_TARGET_NAME = LinguaEar;
			};
			name = Debug;
		};
		851098412EC912BC003D1EF6 /* Release */ = {
			isa = XCBuildConfiguration;
			buildSettings = {
				CODE_SIGN_STYLE = Automatic;
				CURRENT_PROJECT_VERSION = 1;
				DEVELOPMENT_TEAM = 4ZQHKGZZ5H;
				GENERATE_INFOPLIST_FILE = YES;
				MARKETING_VERSION = 1.0;
				PRODUCT_BUNDLE_IDENTIFIER = com.sjpbailey.LinguaEarUITests;
				PRODUCT_NAME = "$(TARGET_NAME)";
				SUPPORTED_PLATFORMS = "iphoneos iphonesimulator watchos watchsimulator";
				SUPPORTS_MACCATALYST = YES;
				SWIFT_EMIT_LOC_STRINGS = NO;
				SWIFT_VERSION = 5.0;
				TARGETED_DEVICE_FAMILY = "1,2,4";
				TEST_TARGET_NAME = LinguaEar;
			};
			name = Release;
		};
		85B923CA2ECE602E00790807 /* Debug */ = {
			isa = XCBuildConfiguration;
			buildSettings = {
				ASSETCATALOG_COMPILER_APPICON_NAME = AppIcon;
				ASSETCATALOG_COMPILER_GLOBAL_ACCENT_COLOR_NAME = AccentColor;
				CODE_SIGN_STYLE = Automatic;
				CURRENT_PROJECT_VERSION = 1;
				DEVELOPMENT_TEAM = 4ZQHKGZZ5H;
				ENABLE_PREVIEWS = YES;
				GENERATE_INFOPLIST_FILE = YES;
				INFOPLIST_KEY_CFBundleDisplayName = LinguaEarWatch;
				INFOPLIST_KEY_UISupportedInterfaceOrientations = "UIInterfaceOrientationPortrait UIInterfaceOrientationPortraitUpsideDown";
				INFOPLIST_KEY_WKCompanionAppBundleIdentifier = com.sjpbailey.LinguaEar;
				LD_RUNPATH_SEARCH_PATHS = (
					"$(inherited)",
					"@executable_path/Frameworks",
				);
				MARKETING_VERSION = 1.0;
				PRODUCT_BUNDLE_IDENTIFIER = com.sjpbailey.LinguaEar.watchkitapp;
				PRODUCT_NAME = "$(TARGET_NAME)";
				SDKROOT = watchos;
				SKIP_INSTALL = YES;
				SWIFT_EMIT_LOC_STRINGS = YES;
				SWIFT_VERSION = 5.0;
				TARGETED_DEVICE_FAMILY = 4;
				WATCHOS_DEPLOYMENT_TARGET = 26.0;
			};
			name = Debug;
		};
		85B923CB2ECE602E00790807 /* Release */ = {
			isa = XCBuildConfiguration;
			buildSettings = {
				ASSETCATALOG_COMPILER_APPICON_NAME = AppIcon;
				ASSETCATALOG_COMPILER_GLOBAL_ACCENT_COLOR_NAME = AccentColor;
				CODE_SIGN_STYLE = Automatic;
				CURRENT_PROJECT_VERSION = 1;
				DEVELOPMENT_TEAM = 4ZQHKGZZ5H;
				ENABLE_PREVIEWS = YES;
				GENERATE_INFOPLIST_FILE = YES;
				INFOPLIST_KEY_CFBundleDisplayName = LinguaEarWatch;
				INFOPLIST_KEY_UISupportedInterfaceOrientations = "UIInterfaceOrientationPortrait UIInterfaceOrientationPortraitUpsideDown";
				INFOPLIST_KEY_WKCompanionAppBundleIdentifier = com.sjpbailey.LinguaEar;
				LD_RUNPATH_SEARCH_PATHS = (
					"$(inherited)",
					"@executable_path/Frameworks",
				);
				MARKETING_VERSION = 1.0;
				PRODUCT_BUNDLE_IDENTIFIER = com.sjpbailey.LinguaEar.watchkitapp;
				PRODUCT_NAME = "$(TARGET_NAME)";
				SDKROOT = watchos;
				SKIP_INSTALL = YES;
				SWIFT_EMIT_LOC_STRINGS = YES;
				SWIFT_VERSION = 5.0;
				TARGETED_DEVICE_FAMILY = 4;
				WATCHOS_DEPLOYMENT_TARGET = 26.0;
			};
			name = Release;
		};
		85B923CC2ECE602E00790807 /* Debug */ = {
			isa = XCBuildConfiguration;
			buildSettings = {
				BUNDLE_LOADER = "$(TEST_HOST)";
				CODE_SIGN_STYLE = Automatic;
				CURRENT_PROJECT_VERSION = 1;
				DEVELOPMENT_TEAM = 4ZQHKGZZ5H;
				GENERATE_INFOPLIST_FILE = YES;
				MARKETING_VERSION = 1.0;
				PRODUCT_BUNDLE_IDENTIFIER = "com.sjpbailey.LinguaEarWatch-Watch-AppTests";
				PRODUCT_NAME = "$(TARGET_NAME)";
				SDKROOT = watchos;
				SWIFT_EMIT_LOC_STRINGS = NO;
				SWIFT_VERSION = 5.0;
				TARGETED_DEVICE_FAMILY = 4;
				TEST_HOST = "$(BUILT_PRODUCTS_DIR)/LinguaEarWatch Watch App.app/$(BUNDLE_EXECUTABLE_FOLDER_PATH)/LinguaEarWatch Watch App";
				WATCHOS_DEPLOYMENT_TARGET = 11.5;
			};
			name = Debug;
		};
		85B923CD2ECE602E00790807 /* Release */ = {
			isa = XCBuildConfiguration;
			buildSettings = {
				BUNDLE_LOADER = "$(TEST_HOST)";
				CODE_SIGN_STYLE = Automatic;
				CURRENT_PROJECT_VERSION = 1;
				DEVELOPMENT_TEAM = 4ZQHKGZZ5H;
				GENERATE_INFOPLIST_FILE = YES;
				MARKETING_VERSION = 1.0;
				PRODUCT_BUNDLE_IDENTIFIER = "com.sjpbailey.LinguaEarWatch-Watch-AppTests";
				PRODUCT_NAME = "$(TARGET_NAME)";
				SDKROOT = watchos;
				SWIFT_EMIT_LOC_STRINGS = NO;
				SWIFT_VERSION = 5.0;
				TARGETED_DEVICE_FAMILY = 4;
				TEST_HOST = "$(BUILT_PRODUCTS_DIR)/LinguaEarWatch Watch App.app/$(BUNDLE_EXECUTABLE_FOLDER_PATH)/LinguaEarWatch Watch App";
				WATCHOS_DEPLOYMENT_TARGET = 11.5;
			};
			name = Release;
		};
		85B923CE2ECE602E00790807 /* Debug */ = {
			isa = XCBuildConfiguration;
			buildSettings = {
				CODE_SIGN_STYLE = Automatic;
				CURRENT_PROJECT_VERSION = 1;
				DEVELOPMENT_TEAM = 4ZQHKGZZ5H;
				GENERATE_INFOPLIST_FILE = YES;
				MARKETING_VERSION = 1.0;
				PRODUCT_BUNDLE_IDENTIFIER = "com.sjpbailey.LinguaEarWatch-Watch-AppUITests";
				PRODUCT_NAME = "$(TARGET_NAME)";
				SDKROOT = watchos;
				SWIFT_EMIT_LOC_STRINGS = NO;
				SWIFT_VERSION = 5.0;
				TARGETED_DEVICE_FAMILY = 4;
				TEST_TARGET_NAME = "LinguaEarWatch Watch App";
				WATCHOS_DEPLOYMENT_TARGET = 11.5;
			};
			name = Debug;
		};
		85B923CF2ECE602E00790807 /* Release */ = {
			isa = XCBuildConfiguration;
			buildSettings = {
				CODE_SIGN_STYLE = Automatic;
				CURRENT_PROJECT_VERSION = 1;
				DEVELOPMENT_TEAM = 4ZQHKGZZ5H;
				GENERATE_INFOPLIST_FILE = YES;
				MARKETING_VERSION = 1.0;
				PRODUCT_BUNDLE_IDENTIFIER = "com.sjpbailey.LinguaEarWatch-Watch-AppUITests";
				PRODUCT_NAME = "$(TARGET_NAME)";
				SDKROOT = watchos;
				SWIFT_EMIT_LOC_STRINGS = NO;
				SWIFT_VERSION = 5.0;
				TARGETED_DEVICE_FAMILY = 4;
				TEST_TARGET_NAME = "LinguaEarWatch Watch App";
				WATCHOS_DEPLOYMENT_TARGET = 11.5;
			};
			name = Release;
		};
/* End XCBuildConfiguration section */

/* Begin XCConfigurationList section */
		851098132EC912BB003D1EF6 /* Build configuration list for PBXProject "LinguaEar" */ = {
			isa = XCConfigurationList;
			buildConfigurations = (
				851098372EC912BC003D1EF6 /* Debug */,
				851098382EC912BC003D1EF6 /* Release */,
			);
			defaultConfigurationIsVisible = 0;
			defaultConfigurationName = Release;
		};
		851098392EC912BC003D1EF6 /* Build configuration list for PBXNativeTarget "LinguaEar" */ = {
			isa = XCConfigurationList;
			buildConfigurations = (
				8510983A2EC912BC003D1EF6 /* Debug */,
				8510983B2EC912BC003D1EF6 /* Release */,
			);
			defaultConfigurationIsVisible = 0;
			defaultConfigurationName = Release;
		};
		8510983C2EC912BC003D1EF6 /* Build configuration list for PBXNativeTarget "LinguaEarTests" */ = {
			isa = XCConfigurationList;
			buildConfigurations = (
				8510983D2EC912BC003D1EF6 /* Debug */,
				8510983E2EC912BC003D1EF6 /* Release */,
			);
			defaultConfigurationIsVisible = 0;
			defaultConfigurationName = Release;
		};
		8510983F2EC912BC003D1EF6 /* Build configuration list for PBXNativeTarget "LinguaEarUITests" */ = {
			isa = XCConfigurationList;
			buildConfigurations = (
				851098402EC912BC003D1EF6 /* Debug */,
				851098412EC912BC003D1EF6 /* Release */,
			);
			defaultConfigurationIsVisible = 0;
			defaultConfigurationName = Release;
		};
		85B923D02ECE602E00790807 /* Build configuration list for PBXNativeTarget "LinguaEarWatch Watch App" */ = {
			isa = XCConfigurationList;
			buildConfigurations = (
				85B923CA2ECE602E00790807 /* Debug */,
				85B923CB2ECE602E00790807 /* Release */,
			);
			defaultConfigurationIsVisible = 0;
			defaultConfigurationName = Release;
		};
		85B923D12ECE602E00790807 /* Build configuration list for PBXNativeTarget "LinguaEarWatch Watch AppTests" */ = {
			isa = XCConfigurationList;
			buildConfigurations = (
				85B923CC2ECE602E00790807 /* Debug */,
				85B923CD2ECE602E00790807 /* Release */,
			);
			defaultConfigurationIsVisible = 0;
			defaultConfigurationName = Release;
		};
		85B923D22ECE602E00790807 /* Build configuration list for PBXNativeTarget "LinguaEarWatch Watch AppUITests" */ = {
			isa = XCConfigurationList;
			buildConfigurations = (
				85B923CE2ECE602E00790807 /* Debug */,
				85B923CF2ECE602E00790807 /* Release */,
			);
			defaultConfigurationIsVisible = 0;
			defaultConfigurationName = Release;
		};
/* End XCConfigurationList section */
	};
	rootObject = 851098102EC912BB003D1EF6 /* Project object */;
}
